
Microsoft Visual Studio Solution File, Format Version 11.00
# Visual Studio 2010
Project("{FAE04EC0-301F-11D3-BF4B-00C04F79EFBC}") = "Assembly-CSharp", "Assembly-CSharp.csproj", "{74A76E1E-0E8C-0D33-6F63-DB9E267B2665}"
EndProject
Project("{FAE04EC0-301F-11D3-BF4B-00C04F79EFBC}") = "Assembly-CSharp-Editor", "Assembly-CSharp-Editor.csproj", "{92C65D9C-D304-2B44-D042-879AB55D2393}"
EndProject
Global
	GlobalSection(SolutionConfigurationPlatforms) = preSolution
		Debug|Any CPU = Debug|Any CPU
		Release|Any CPU = Release|Any CPU
	EndGlobalSection
	GlobalSection(ProjectConfigurationPlatforms) = postSolution
		{74A76E1E-0E8C-0D33-6F63-DB9E267B2665}.Debug|Any CPU.ActiveCfg = Debug|Any CPU
		{74A76E1E-0E8C-0D33-6F63-DB9E267B2665}.Debug|Any CPU.Build.0 = Debug|Any CPU
		{74A76E1E-0E8C-0D33-6F63-DB9E267B2665}.Release|Any CPU.ActiveCfg = Release|Any CPU
		{74A76E1E-0E8C-0D33-6F63-DB9E267B2665}.Release|Any CPU.Build.0 = Release|Any CPU
		{92C65D9C-D304-2B44-D042-879AB55D2393}.Debug|Any CPU.ActiveCfg = Debug|Any CPU
		{92C65D9C-D304-2B44-D042-879AB55D2393}.Debug|Any CPU.Build.0 = Debug|Any CPU
		{92C65D9C-D304-2B44-D042-879AB55D2393}.Release|Any CPU.ActiveCfg = Release|Any CPU
		{92C65D9C-D304-2B44-D042-879AB55D2393}.Release|Any CPU.Build.0 = Release|Any CPU
	EndGlobalSection
	GlobalSection(SolutionProperties) = preSolution
		HideSolutionNode = FALSE
	EndGlobalSection
EndGlobal
